// !$*UTF8*$!
{
	archiveVersion = 1;
	classes = {
	};
	objectVersion = 50;
	objects = {

/* Begin PBXBuildFile section */
		0192C3E500623017E232E745 /* Pods_Todoey.framework in Frameworks */ = {isa = PBXBuildFile; fileRef = C2AEC8BF66F6EC83E82FADE4 /* Pods_Todoey.framework */; };
		8559EE24210F502000C6FAB8 /* CategoryViewController.swift in Sources */ = {isa = PBXBuildFile; fileRef = 8559EE23210F502000C6FAB8 /* CategoryViewController.swift */; };
		8559EE4F211600E000C6FAB8 /* Item.swift in Sources */ = {isa = PBXBuildFile; fileRef = 8559EE4E211600E000C6FAB8 /* Item.swift */; };
		8559EE51211600F500C6FAB8 /* Category .swift in Sources */ = {isa = PBXBuildFile; fileRef = 8559EE50211600F500C6FAB8 /* Category .swift */; };
		8559EE532118A96B00C6FAB8 /* SwipeTableViewController.swift in Sources */ = {isa = PBXBuildFile; fileRef = 8559EE522118A96B00C6FAB8 /* SwipeTableViewController.swift */; };
		85A86F8720F627C500B1ACF9 /* AppDelegate.swift in Sources */ = {isa = PBXBuildFile; fileRef = 85A86F8620F627C500B1ACF9 /* AppDelegate.swift */; };
		85A86F8920F627C500B1ACF9 /* TodoListViewController.swift in Sources */ = {isa = PBXBuildFile; fileRef = 85A86F8820F627C500B1ACF9 /* TodoListViewController.swift */; };
		85A86F8C20F627C500B1ACF9 /* Main.storyboard in Resources */ = {isa = PBXBuildFile; fileRef = 85A86F8A20F627C500B1ACF9 /* Main.storyboard */; };
		85A86F8E20F627C800B1ACF9 /* Assets.xcassets in Resources */ = {isa = PBXBuildFile; fileRef = 85A86F8D20F627C800B1ACF9 /* Assets.xcassets */; };
		85A86F9120F627C800B1ACF9 /* LaunchScreen.storyboard in Resources */ = {isa = PBXBuildFile; fileRef = 85A86F8F20F627C800B1ACF9 /* LaunchScreen.storyboard */; };
/* End PBXBuildFile section */

/* Begin PBXFileReference section */
		71AC042805479993D2198950 /* Pods-Todoey.release.xcconfig */ = {isa = PBXFileReference; includeInIndex = 1; lastKnownFileType = text.xcconfig; name = "Pods-Todoey.release.xcconfig"; path = "Pods/Target Support Files/Pods-Todoey/Pods-Todoey.release.xcconfig"; sourceTree = "<group>"; };
		8559EE23210F502000C6FAB8 /* CategoryViewController.swift */ = {isa = PBXFileReference; lastKnownFileType = sourcecode.swift; path = CategoryViewController.swift; sourceTree = "<group>"; };
		8559EE4E211600E000C6FAB8 /* Item.swift */ = {isa = PBXFileReference; lastKnownFileType = sourcecode.swift; path = Item.swift; sourceTree = "<group>"; };
		8559EE50211600F500C6FAB8 /* Category .swift */ = {isa = PBXFileReference; lastKnownFileType = sourcecode.swift; path = "Category .swift"; sourceTree = "<group>"; };
		8559EE522118A96B00C6FAB8 /* SwipeTableViewController.swift */ = {isa = PBXFileReference; lastKnownFileType = sourcecode.swift; path = SwipeTableViewController.swift; sourceTree = "<group>"; };
		85A86F8320F627C500B1ACF9 /* Todoey.app */ = {isa = PBXFileReference; explicitFileType = wrapper.application; includeInIndex = 0; path = Todoey.app; sourceTree = BUILT_PRODUCTS_DIR; };
		85A86F8620F627C500B1ACF9 /* AppDelegate.swift */ = {isa = PBXFileReference; lastKnownFileType = sourcecode.swift; path = AppDelegate.swift; sourceTree = "<group>"; };
		85A86F8820F627C500B1ACF9 /* TodoListViewController.swift */ = {isa = PBXFileReference; lastKnownFileType = sourcecode.swift; path = TodoListViewController.swift; sourceTree = "<group>"; };
		85A86F8B20F627C500B1ACF9 /* Base */ = {isa = PBXFileReference; lastKnownFileType = file.storyboard; name = Base; path = Base.lproj/Main.storyboard; sourceTree = "<group>"; };
		85A86F8D20F627C800B1ACF9 /* Assets.xcassets */ = {isa = PBXFileReference; lastKnownFileType = folder.assetcatalog; path = Assets.xcassets; sourceTree = "<group>"; };
		85A86F9020F627C800B1ACF9 /* Base */ = {isa = PBXFileReference; lastKnownFileType = file.storyboard; name = Base; path = Base.lproj/LaunchScreen.storyboard; sourceTree = "<group>"; };
		85A86F9220F627C800B1ACF9 /* Info.plist */ = {isa = PBXFileReference; lastKnownFileType = text.plist.xml; path = Info.plist; sourceTree = "<group>"; };
		C2AEC8BF66F6EC83E82FADE4 /* Pods_Todoey.framework */ = {isa = PBXFileReference; explicitFileType = wrapper.framework; includeInIndex = 0; path = Pods_Todoey.framework; sourceTree = BUILT_PRODUCTS_DIR; };
		E6B0AB617CD358AAA0C87F4F /* Pods-Todoey.debug.xcconfig */ = {isa = PBXFileReference; includeInIndex = 1; lastKnownFileType = text.xcconfig; name = "Pods-Todoey.debug.xcconfig"; path = "Pods/Target Support Files/Pods-Todoey/Pods-Todoey.debug.xcconfig"; sourceTree = "<group>"; };
/* End PBXFileReference section */

/* Begin PBXFrameworksBuildPhase section */
		85A86F8020F627C500B1ACF9 /* Frameworks */ = {
			isa = PBXFrameworksBuildPhase;
			buildActionMask = 2147483647;
			files = (
				0192C3E500623017E232E745 /* Pods_Todoey.framework in Frameworks */,
			);
			runOnlyForDeploymentPostprocessing = 0;
		};
/* End PBXFrameworksBuildPhase section */

/* Begin PBXGroup section */
		648B78E2799C11344710DE63 /* Pods */ = {
			isa = PBXGroup;
			children = (
				E6B0AB617CD358AAA0C87F4F /* Pods-Todoey.debug.xcconfig */,
				71AC042805479993D2198950 /* Pods-Todoey.release.xcconfig */,
			);
			name = Pods;
			sourceTree = "<group>";
		};
		85A86F7A20F627C400B1ACF9 = {
			isa = PBXGroup;
			children = (
				85A86F8520F627C500B1ACF9 /* Todoey */,
				85A86F8420F627C500B1ACF9 /* Products */,
				648B78E2799C11344710DE63 /* Pods */,
				981E1A7FE0B7F750436C6CBF /* Frameworks */,
			);
			sourceTree = "<group>";
		};
		85A86F8420F627C500B1ACF9 /* Products */ = {
			isa = PBXGroup;
			children = (
				85A86F8320F627C500B1ACF9 /* Todoey.app */,
			);
			name = Products;
			sourceTree = "<group>";
		};
		85A86F8520F627C500B1ACF9 /* Todoey */ = {
			isa = PBXGroup;
			children = (
				85A86F8620F627C500B1ACF9 /* AppDelegate.swift */,
				85A86F9B20F8DEB400B1ACF9 /* Controller */,
				85A86F9A20F8DE7F00B1ACF9 /* Data Model */,
				85A86F9C20F8DEC900B1ACF9 /* Views */,
				85A86F9D20F8DEDD00B1ACF9 /* Supporting Files */,
				85A86F9220F627C800B1ACF9 /* Info.plist */,
			);
			path = Todoey;
			sourceTree = "<group>";
		};
		85A86F9A20F8DE7F00B1ACF9 /* Data Model */ = {
			isa = PBXGroup;
			children = (
				8559EE50211600F500C6FAB8 /* Category .swift */,
				8559EE4E211600E000C6FAB8 /* Item.swift */,
			);
			path = "Data Model";
			sourceTree = "<group>";
		};
		85A86F9B20F8DEB400B1ACF9 /* Controller */ = {
			isa = PBXGroup;
			children = (
				8559EE23210F502000C6FAB8 /* CategoryViewController.swift */,
				85A86F8820F627C500B1ACF9 /* TodoListViewController.swift */,
				8559EE522118A96B00C6FAB8 /* SwipeTableViewController.swift */,
			);
			path = Controller;
			sourceTree = "<group>";
		};
		85A86F9C20F8DEC900B1ACF9 /* Views */ = {
			isa = PBXGroup;
			children = (
				85A86F8A20F627C500B1ACF9 /* Main.storyboard */,
			);
			path = Views;
			sourceTree = "<group>";
		};
		85A86F9D20F8DEDD00B1ACF9 /* Supporting Files */ = {
			isa = PBXGroup;
			children = (
				85A86F8D20F627C800B1ACF9 /* Assets.xcassets */,
				85A86F8F20F627C800B1ACF9 /* LaunchScreen.storyboard */,
			);
			path = "Supporting Files";
			sourceTree = "<group>";
		};
		981E1A7FE0B7F750436C6CBF /* Frameworks */ = {
			isa = PBXGroup;
			children = (
				C2AEC8BF66F6EC83E82FADE4 /* Pods_Todoey.framework */,
			);
			name = Frameworks;
			sourceTree = "<group>";
		};
/* End PBXGroup section */

/* Begin PBXNativeTarget section */
		85A86F8220F627C500B1ACF9 /* Todoey */ = {
			isa = PBXNativeTarget;
			buildConfigurationList = 85A86F9520F627C800B1ACF9 /* Build configuration list for PBXNativeTarget "Todoey" */;
			buildPhases = (
				2B7CCF18D003B614698AD0BF /* [CP] Check Pods Manifest.lock */,
				85A86F7F20F627C500B1ACF9 /* Sources */,
				85A86F8020F627C500B1ACF9 /* Frameworks */,
				85A86F8120F627C500B1ACF9 /* Resources */,
				A93697117B7ACC7AA6645DCD /* [CP] Embed Pods Frameworks */,
			);
			buildRules = (
			);
			dependencies = (
			);
			name = Todoey;
			productName = Todoey;
			productReference = 85A86F8320F627C500B1ACF9 /* Todoey.app */;
			productType = "com.apple.product-type.application";
		};
/* End PBXNativeTarget section */

/* Begin PBXProject section */
		85A86F7B20F627C400B1ACF9 /* Project object */ = {
			isa = PBXProject;
			attributes = {
				LastSwiftUpdateCheck = 0940;
				LastUpgradeCheck = 0940;
				ORGANIZATIONNAME = "Joshua Akajioyi";
				TargetAttributes = {
					85A86F8220F627C500B1ACF9 = {
						CreatedOnToolsVersion = 9.4;
					};
				};
			};
			buildConfigurationList = 85A86F7E20F627C400B1ACF9 /* Build configuration list for PBXProject "Todoey" */;
			compatibilityVersion = "Xcode 9.3";
			developmentRegion = en;
			hasScannedForEncodings = 0;
			knownRegions = (
				en,
				Base,
			);
			mainGroup = 85A86F7A20F627C400B1ACF9;
			productRefGroup = 85A86F8420F627C500B1ACF9 /* Products */;
			projectDirPath = "";
			projectRoot = "";
			targets = (
				85A86F8220F627C500B1ACF9 /* Todoey */,
			);
		};
/* End PBXProject section */

/* Begin PBXResourcesBuildPhase section */
		85A86F8120F627C500B1ACF9 /* Resources */ = {
			isa = PBXResourcesBuildPhase;
			buildActionMask = 2147483647;
			files = (
				85A86F9120F627C800B1ACF9 /* LaunchScreen.storyboard in Resources */,
				85A86F8E20F627C800B1ACF9 /* Assets.xcassets in Resources */,
				85A86F8C20F627C500B1ACF9 /* Main.storyboard in Resources */,
			);
			runOnlyForDeploymentPostprocessing = 0;
		};
/* End PBXResourcesBuildPhase section */

/* Begin PBXShellScriptBuildPhase section */
		2B7CCF18D003B614698AD0BF /* [CP] Check Pods Manifest.lock */ = {
			isa = PBXShellScriptBuildPhase;
			buildActionMask = 2147483647;
			files = (
			);
			inputPaths = (
				"${PODS_PODFILE_DIR_PATH}/Podfile.lock",
				"${PODS_ROOT}/Manifest.lock",
			);
			name = "[CP] Check Pods Manifest.lock";
			outputPaths = (
				"$(DERIVED_FILE_DIR)/Pods-Todoey-checkManifestLockResult.txt",
			);
			runOnlyForDeploymentPostprocessing = 0;
			shellPath = /bin/sh;
			shellScript = "diff \"${PODS_PODFILE_DIR_PATH}/Podfile.lock\" \"${PODS_ROOT}/Manifest.lock\" > /dev/null\nif [ $? != 0 ] ; then\n    # print error to STDERR\n    echo \"error: The sandbox is not in sync with the Podfile.lock. Run 'pod install' or update your CocoaPods installation.\" >&2\n    exit 1\nfi\n# This output is used by Xcode 'outputs' to avoid re-running this script phase.\necho \"SUCCESS\" > \"${SCRIPT_OUTPUT_FILE_0}\"\n";
			showEnvVarsInLog = 0;
		};
		A93697117B7ACC7AA6645DCD /* [CP] Embed Pods Frameworks */ = {
			isa = PBXShellScriptBuildPhase;
			buildActionMask = 2147483647;
			files = (
			);
			inputPaths = (
				"${SRCROOT}/Pods/Target Support Files/Pods-Todoey/Pods-Todoey-frameworks.sh",
				"${BUILT_PRODUCTS_DIR}/ChameleonFramework/ChameleonFramework.framework",
				"${BUILT_PRODUCTS_DIR}/Realm/Realm.framework",
				"${BUILT_PRODUCTS_DIR}/RealmSwift/RealmSwift.framework",
				"${BUILT_PRODUCTS_DIR}/SwipeCellKit/SwipeCellKit.framework",
			);
			name = "[CP] Embed Pods Frameworks";
			outputPaths = (
				"${TARGET_BUILD_DIR}/${FRAMEWORKS_FOLDER_PATH}/ChameleonFramework.framework",
				"${TARGET_BUILD_DIR}/${FRAMEWORKS_FOLDER_PATH}/Realm.framework",
				"${TARGET_BUILD_DIR}/${FRAMEWORKS_FOLDER_PATH}/RealmSwift.framework",
				"${TARGET_BUILD_DIR}/${FRAMEWORKS_FOLDER_PATH}/SwipeCellKit.framework",
			);
			runOnlyForDeploymentPostprocessing = 0;
			shellPath = /bin/sh;
			shellScript = "\"${SRCROOT}/Pods/Target Support Files/Pods-Todoey/Pods-Todoey-frameworks.sh\"\n";
			showEnvVarsInLog = 0;
		};
/* End PBXShellScriptBuildPhase section */

/* Begin PBXSourcesBuildPhase section */
		85A86F7F20F627C500B1ACF9 /* Sources */ = {
			isa = PBXSourcesBuildPhase;
			buildActionMask = 2147483647;
			files = (
				8559EE51211600F500C6FAB8 /* Category .swift in Sources */,
				8559EE4F211600E000C6FAB8 /* Item.swift in Sources */,
				8559EE24210F502000C6FAB8 /* CategoryViewController.swift in Sources */,
				85A86F8920F627C500B1ACF9 /* TodoListViewController.swift in Sources */,
				8559EE532118A96B00C6FAB8 /* SwipeTableViewController.swift in Sources */,
				85A86F8720F627C500B1ACF9 /* AppDelegate.swift in Sources */,
			);
			runOnlyForDeploymentPostprocessing = 0;
		};
/* End PBXSourcesBuildPhase section */

/* Begin PBXVariantGroup section */
		85A86F8A20F627C500B1ACF9 /* Main.storyboard */ = {
			isa = PBXVariantGroup;
			children = (
				85A86F8B20F627C500B1ACF9 /* Base */,
			);
			name = Main.storyboard;
			sourceTree = "<group>";
		};
		85A86F8F20F627C800B1ACF9 /* LaunchScreen.storyboard */ = {
			isa = PBXVariantGroup;
			children = (
				85A86F9020F627C800B1ACF9 /* Base */,
			);
			name = LaunchScreen.storyboard;
			sourceTree = "<group>";
		};
/* End PBXVariantGroup section */

/* Begin XCBuildConfiguration section */
		85A86F9320F627C800B1ACF9 /* Debug */ = {
			isa = XCBuildConfiguration;
			buildSettings = {
				ALWAYS_SEARCH_USER_PATHS = NO;
				CLANG_ANALYZER_NONNULL = YES;
				CLANG_ANALYZER_NUMBER_OBJECT_CONVERSION = YES_AGGRESSIVE;
				CLANG_CXX_LANGUAGE_STANDARD = "gnu++14";
				CLANG_CXX_LIBRARY = "libc++";
				CLANG_ENABLE_MODULES = YES;
				CLANG_ENABLE_OBJC_ARC = YES;
				CLANG_ENABLE_OBJC_WEAK = YES;
				CLANG_WARN_BLOCK_CAPTURE_AUTORELEASING = YES;
				CLANG_WARN_BOOL_CONVERSION = YES;
				CLANG_WARN_COMMA = YES;
				CLANG_WARN_CONSTANT_CONVERSION = YES;
				CLANG_WARN_DEPRECATED_OBJC_IMPLEMENTATIONS = YES;
				CLANG_WARN_DIRECT_OBJC_ISA_USAGE = YES_ERROR;
				CLANG_WARN_DOCUMENTATION_COMMENTS = YES;
				CLANG_WARN_EMPTY_BODY = YES;
				CLANG_WARN_ENUM_CONVERSION = YES;
				CLANG_WARN_INFINITE_RECURSION = YES;
				CLANG_WARN_INT_CONVERSION = YES;
				CLANG_WARN_NON_LITERAL_NULL_CONVERSION = YES;
				CLANG_WARN_OBJC_IMPLICIT_RETAIN_SELF = YES;
				CLANG_WARN_OBJC_LITERAL_CONVERSION = YES;
				CLANG_WARN_OBJC_ROOT_CLASS = YES_ERROR;
				CLANG_WARN_RANGE_LOOP_ANALYSIS = YES;
				CLANG_WARN_STRICT_PROTOTYPES = YES;
				CLANG_WARN_SUSPICIOUS_MOVE = YES;
				CLANG_WARN_UNGUARDED_AVAILABILITY = YES_AGGRESSIVE;
				CLANG_WARN_UNREACHABLE_CODE = YES;
				CLANG_WARN__DUPLICATE_METHOD_MATCH = YES;
				CODE_SIGN_IDENTITY = "iPhone Developer";
				COPY_PHASE_STRIP = NO;
				DEBUG_INFORMATION_FORMAT = dwarf;
				ENABLE_STRICT_OBJC_MSGSEND = YES;
				ENABLE_TESTABILITY = YES;
				GCC_C_LANGUAGE_STANDARD = gnu11;
				GCC_DYNAMIC_NO_PIC = NO;
				GCC_NO_COMMON_BLOCKS = YES;
				GCC_OPTIMIZATION_LEVEL = 0;
				GCC_PREPROCESSOR_DEFINITIONS = (
					"DEBUG=1",
					"$(inherited)",
				);
				GCC_WARN_64_TO_32_BIT_CONVERSION = YES;
				GCC_WARN_ABOUT_RETURN_TYPE = YES_ERROR;
				GCC_WARN_UNDECLARED_SELECTOR = YES;
				GCC_WARN_UNINITIALIZED_AUTOS = YES_AGGRESSIVE;
				GCC_WARN_UNUSED_FUNCTION = YES;
				GCC_WARN_UNUSED_VARIABLE = YES;
				IPHONEOS_DEPLOYMENT_TARGET = 11.4;
				MTL_ENABLE_DEBUG_INFO = YES;
				ONLY_ACTIVE_ARCH = YES;
				SDKROOT = iphoneos;
				SWIFT_ACTIVE_COMPILATION_CONDITIONS = DEBUG;
				SWIFT_OPTIMIZATION_LEVEL = "-Onone";
			};
			name = Debug;
		};
		85A86F9420F627C800B1ACF9 /* Release */ = {
			isa = XCBuildConfiguration;
			buildSettings = {
				ALWAYS_SEARCH_USER_PATHS = NO;
				CLANG_ANALYZER_NONNULL = YES;
				CLANG_ANALYZER_NUMBER_OBJECT_CONVERSION = YES_AGGRESSIVE;
				CLANG_CXX_LANGUAGE_STANDARD = "gnu++14";
				CLANG_CXX_LIBRARY = "libc++";
				CLANG_ENABLE_MODULES = YES;
				CLANG_ENABLE_OBJC_ARC = YES;
				CLANG_ENABLE_OBJC_WEAK = YES;
				CLANG_WARN_BLOCK_CAPTURE_AUTORELEASING = YES;
				CLANG_WARN_BOOL_CONVERSION = YES;
				CLANG_WARN_COMMA = YES;
				CLANG_WARN_CONSTANT_CONVERSION = YES;
				CLANG_WARN_DEPRECATED_OBJC_IMPLEMENTATIONS = YES;
				CLANG_WARN_DIRECT_OBJC_ISA_USAGE = YES_ERROR;
				CLANG_WARN_DOCUMENTATION_COMMENTS = YES;
				CLANG_WARN_EMPTY_BODY = YES;
				CLANG_WARN_ENUM_CONVERSION = YES;
				CLANG_WARN_INFINITE_RECURSION = YES;
				CLANG_WARN_INT_CONVERSION = YES;
				CLANG_WARN_NON_LITERAL_NULL_CONVERSION = YES;
				CLANG_WARN_OBJC_IMPLICIT_RETAIN_SELF = YES;
				CLANG_WARN_OBJC_LITERAL_CONVERSION = YES;
				CLANG_WARN_OBJC_ROOT_CLASS = YES_ERROR;
				CLANG_WARN_RANGE_LOOP_ANALYSIS = YES;
				CLANG_WARN_STRICT_PROTOTYPES = YES;
				CLANG_WARN_SUSPICIOUS_MOVE = YES;
				CLANG_WARN_UNGUARDED_AVAILABILITY = YES_AGGRESSIVE;
				CLANG_WARN_UNREACHABLE_CODE = YES;
				CLANG_WARN__DUPLICATE_METHOD_MATCH = YES;
				CODE_SIGN_IDENTITY = "iPhone Developer";
				COPY_PHASE_STRIP = NO;
				DEBUG_INFORMATION_FORMAT = "dwarf-with-dsym";
				ENABLE_NS_ASSERTIONS = NO;
				ENABLE_STRICT_OBJC_MSGSEND = YES;
				GCC_C_LANGUAGE_STANDARD = gnu11;
				GCC_NO_COMMON_BLOCKS = YES;
				GCC_WARN_64_TO_32_BIT_CONVERSION = YES;
				GCC_WARN_ABOUT_RETURN_TYPE = YES_ERROR;
				GCC_WARN_UNDECLARED_SELECTOR = YES;
				GCC_WARN_UNINITIALIZED_AUTOS = YES_AGGRESSIVE;
				GCC_WARN_UNUSED_FUNCTION = YES;
				GCC_WARN_UNUSED_VARIABLE = YES;
				IPHONEOS_DEPLOYMENT_TARGET = 11.4;
				MTL_ENABLE_DEBUG_INFO = NO;
				SDKROOT = iphoneos;
				SWIFT_COMPILATION_MODE = wholemodule;
				SWIFT_OPTIMIZATION_LEVEL = "-O";
				VALIDATE_PRODUCT = YES;
			};
			name = Release;
		};
		85A86F9620F627C800B1ACF9 /* Debug */ = {
			isa = XCBuildConfiguration;
			baseConfigurationReference = E6B0AB617CD358AAA0C87F4F /* Pods-Todoey.debug.xcconfig */;
			buildSettings = {
				ASSETCATALOG_COMPILER_APPICON_NAME = AppIcon;
				CODE_SIGN_STYLE = Automatic;
				DEVELOPMENT_TEAM = 9U647AXXG7;
				INFOPLIST_FILE = Todoey/Info.plist;
				LD_RUNPATH_SEARCH_PATHS = (
					"$(inherited)",
					"@executable_path/Frameworks",
				);
				PRODUCT_BUNDLE_IDENTIFIER = com.JoshuaOb.Todoey;
				PRODUCT_NAME = "$(TARGET_NAME)";
				SWIFT_VERSION = 4.0;
				TARGETED_DEVICE_FAMILY = "1,2";
			};
			name = Debug;
		};
		85A86F9720F627C800B1ACF9 /* Release */ = {
			isa = XCBuildConfiguration;
			baseConfigurationReference = 71AC042805479993D2198950 /* Pods-Todoey.release.xcconfig */;
			buildSettings = {
				ASSETCATALOG_COMPILER_APPICON_NAME = AppIcon;
				CODE_SIGN_STYLE = Automatic;
				DEVELOPMENT_TEAM = 9U647AXXG7;
				INFOPLIST_FILE = Todoey/Info.plist;
				LD_RUNPATH_SEARCH_PATHS = (
					"$(inherited)",
					"@executable_path/Frameworks",
				);
				PRODUCT_BUNDLE_IDENTIFIER = com.JoshuaOb.Todoey;
				PRODUCT_NAME = "$(TARGET_NAME)";
				SWIFT_VERSION = 4.0;
				TARGETED_DEVICE_FAMILY = "1,2";
			};
			name = Release;
		};
/* End XCBuildConfiguration section */

/* Begin XCConfigurationList section */
		85A86F7E20F627C400B1ACF9 /* Build configuration list for PBXProject "Todoey" */ = {
			isa = XCConfigurationList;
			buildConfigurations = (
				85A86F9320F627C800B1ACF9 /* Debug */,
				85A86F9420F627C800B1ACF9 /* Release */,
			);
			defaultConfigurationIsVisible = 0;
			defaultConfigurationName = Release;
		};
		85A86F9520F627C800B1ACF9 /* Build configuration list for PBXNativeTarget "Todoey" */ = {
			isa = XCConfigurationList;
			buildConfigurations = (
				85A86F9620F627C800B1ACF9 /* Debug */,
				85A86F9720F627C800B1ACF9 /* Release */,
			);
			defaultConfigurationIsVisible = 0;
			defaultConfigurationName = Release;
		};
/* End XCConfigurationList section */
	};
	rootObject = 85A86F7B20F627C400B1ACF9 /* Project object */;
}
